
Microsoft Visual Studio Solution File, Format Version 12.00
# Visual Studio 2012
Project("{FAE04EC0-301F-11D3-BF4B-00C04F79EFBC}") = "Bitnetly.Net45", "bitnetly\Bitnetly.Net45.csproj", "{1EC0DC39-43F2-4FC8-B48D-790312837793}"
EndProject
Project("{FAE04EC0-301F-11D3-BF4B-00C04F79EFBC}") = "BitnetlyTests", "BitnetlyTests\BitnetlyTests.csproj", "{45C153BE-B948-402D-A746-8AA6D85BFD03}"
EndProject
Project("{2150E333-8FDC-42A3-9474-1A3956D46DE8}") = ".nuget", ".nuget", "{7BF6EE4B-4421-4D75-8497-FDA8F92167A7}"
	ProjectSection(SolutionItems) = preProject
		.nuget\NuGet.Config = .nuget\NuGet.Config
		.nuget\NuGet.exe = .nuget\NuGet.exe
		.nuget\NuGet.targets = .nuget\NuGet.targets
	EndProjectSection
EndProject
Global
	GlobalSection(TeamFoundationVersionControl) = preSolution
		SccNumberOfProjects = 3
		SccEnterpriseProvider = {4CA58AB2-18FA-4F8D-95D4-32DDF27D184C}
		SccTeamFoundationServer = https://lucasbrendel.visualstudio.com/defaultcollection
		SccLocalPath0 = .
		SccProjectUniqueName1 = bitnetly\\Bitnetly.Net45.csproj
		SccProjectName1 = bitnetly
		SccLocalPath1 = bitnetly
		SccProjectUniqueName2 = BitnetlyTests\\BitnetlyTests.csproj
		SccProjectName2 = BitnetlyTests
		SccLocalPath2 = BitnetlyTests
	EndGlobalSection
	GlobalSection(SolutionConfigurationPlatforms) = preSolution
		Debug|Any CPU = Debug|Any CPU
		Debug|ARM = Debug|ARM
		Debug|x64 = Debug|x64
		Debug|x86 = Debug|x86
		Release|Any CPU = Release|Any CPU
		Release|ARM = Release|ARM
		Release|x64 = Release|x64
		Release|x86 = Release|x86
	EndGlobalSection
	GlobalSection(ProjectConfigurationPlatforms) = postSolution
		{1EC0DC39-43F2-4FC8-B48D-790312837793}.Debug|Any CPU.ActiveCfg = Debug|Any CPU
		{1EC0DC39-43F2-4FC8-B48D-790312837793}.Debug|Any CPU.Build.0 = Debug|Any CPU
		{1EC0DC39-43F2-4FC8-B48D-790312837793}.Debug|ARM.ActiveCfg = Debug|Any CPU
		{1EC0DC39-43F2-4FC8-B48D-790312837793}.Debug|x64.ActiveCfg = Debug|Any CPU
		{1EC0DC39-43F2-4FC8-B48D-790312837793}.Debug|x86.ActiveCfg = Debug|Any CPU
		{1EC0DC39-43F2-4FC8-B48D-790312837793}.Release|Any CPU.ActiveCfg = Release|Any CPU
		{1EC0DC39-43F2-4FC8-B48D-790312837793}.Release|Any CPU.Build.0 = Release|Any CPU
		{1EC0DC39-43F2-4FC8-B48D-790312837793}.Release|ARM.ActiveCfg = Release|Any CPU
		{1EC0DC39-43F2-4FC8-B48D-790312837793}.Release|x64.ActiveCfg = Release|Any CPU
		{1EC0DC39-43F2-4FC8-B48D-790312837793}.Release|x86.ActiveCfg = Release|Any CPU
		{45C153BE-B948-402D-A746-8AA6D85BFD03}.Debug|Any CPU.ActiveCfg = Debug|Any CPU
		{45C153BE-B948-402D-A746-8AA6D85BFD03}.Debug|Any CPU.Build.0 = Debug|Any CPU
		{45C153BE-B948-402D-A746-8AA6D85BFD03}.Debug|ARM.ActiveCfg = Debug|Any CPU
		{45C153BE-B948-402D-A746-8AA6D85BFD03}.Debug|x64.ActiveCfg = Debug|Any CPU
		{45C153BE-B948-402D-A746-8AA6D85BFD03}.Debug|x86.ActiveCfg = Debug|Any CPU
		{45C153BE-B948-402D-A746-8AA6D85BFD03}.Release|Any CPU.ActiveCfg = Release|Any CPU
		{45C153BE-B948-402D-A746-8AA6D85BFD03}.Release|Any CPU.Build.0 = Release|Any CPU
		{45C153BE-B948-402D-A746-8AA6D85BFD03}.Release|ARM.ActiveCfg = Release|Any CPU
		{45C153BE-B948-402D-A746-8AA6D85BFD03}.Release|x64.ActiveCfg = Release|Any CPU
		{45C153BE-B948-402D-A746-8AA6D85BFD03}.Release|x86.ActiveCfg = Release|Any CPU
	EndGlobalSection
	GlobalSection(SolutionProperties) = preSolution
		HideSolutionNode = FALSE
	EndGlobalSection
EndGlobal
