
Microsoft Visual Studio Solution File, Format Version 12.00
# Visual Studio 2012
Project("{FAE04EC0-301F-11D3-BF4B-00C04F79EFBC}") = "Bitnetly", "bitnetly\Bitnetly.csproj", "{1EC0DC39-43F2-4FC8-B48D-790312837793}"
EndProject
Project("{FAE04EC0-301F-11D3-BF4B-00C04F79EFBC}") = "BitnetlyTests", "BitnetlyTests\BitnetlyTests.csproj", "{45C153BE-B948-402D-A746-8AA6D85BFD03}"
EndProject
Global
	GlobalSection(SolutionConfigurationPlatforms) = preSolution
		Debug|Any CPU = Debug|Any CPU
		Release|Any CPU = Release|Any CPU
	EndGlobalSection
	GlobalSection(ProjectConfigurationPlatforms) = postSolution
		{1EC0DC39-43F2-4FC8-B48D-790312837793}.Debug|Any CPU.ActiveCfg = Debug|Any CPU
		{1EC0DC39-43F2-4FC8-B48D-790312837793}.Debug|Any CPU.Build.0 = Debug|Any CPU
		{1EC0DC39-43F2-4FC8-B48D-790312837793}.Release|Any CPU.ActiveCfg = Release|Any CPU
		{1EC0DC39-43F2-4FC8-B48D-790312837793}.Release|Any CPU.Build.0 = Release|Any CPU
		{45C153BE-B948-402D-A746-8AA6D85BFD03}.Debug|Any CPU.ActiveCfg = Debug|Any CPU
		{45C153BE-B948-402D-A746-8AA6D85BFD03}.Debug|Any CPU.Build.0 = Debug|Any CPU
		{45C153BE-B948-402D-A746-8AA6D85BFD03}.Release|Any CPU.ActiveCfg = Release|Any CPU
		{45C153BE-B948-402D-A746-8AA6D85BFD03}.Release|Any CPU.Build.0 = Release|Any CPU
	EndGlobalSection
	GlobalSection(SolutionProperties) = preSolution
		HideSolutionNode = FALSE
	EndGlobalSection
EndGlobal
